
Microsoft Visual Studio Solution File, Format Version 12.00
# Visual Studio Version 16
VisualStudioVersion = 16.0.30907.101
MinimumVisualStudioVersion = 10.0.40219.1
Project("{FAE04EC0-301F-11D3-BF4B-00C04F79EFBC}") = "TestUngDung", "TestUngDung\TestUngDung.csproj", "{73ADB25B-47E3-457C-9E18-C9B9E634EF8B}"
EndProject
Project("{FAE04EC0-301F-11D3-BF4B-00C04F79EFBC}") = "ModelEF", "ModelEF\ModelEF.csproj", "{A4A5887D-FA75-441F-937D-3C206FB1F327}"
EndProject
Global
	GlobalSection(SolutionConfigurationPlatforms) = preSolution
		Debug|Any CPU = Debug|Any CPU
		Release|Any CPU = Release|Any CPU
	EndGlobalSection
	GlobalSection(ProjectConfigurationPlatforms) = postSolution
		{73ADB25B-47E3-457C-9E18-C9B9E634EF8B}.Debug|Any CPU.ActiveCfg = Debug|Any CPU
		{73ADB25B-47E3-457C-9E18-C9B9E634EF8B}.Debug|Any CPU.Build.0 = Debug|Any CPU
		{73ADB25B-47E3-457C-9E18-C9B9E634EF8B}.Release|Any CPU.ActiveCfg = Release|Any CPU
		{73ADB25B-47E3-457C-9E18-C9B9E634EF8B}.Release|Any CPU.Build.0 = Release|Any CPU
		{A4A5887D-FA75-441F-937D-3C206FB1F327}.Debug|Any CPU.ActiveCfg = Debug|Any CPU
		{A4A5887D-FA75-441F-937D-3C206FB1F327}.Debug|Any CPU.Build.0 = Debug|Any CPU
		{A4A5887D-FA75-441F-937D-3C206FB1F327}.Release|Any CPU.ActiveCfg = Release|Any CPU
		{A4A5887D-FA75-441F-937D-3C206FB1F327}.Release|Any CPU.Build.0 = Release|Any CPU
	EndGlobalSection
	GlobalSection(SolutionProperties) = preSolution
		HideSolutionNode = FALSE
	EndGlobalSection
	GlobalSection(ExtensibilityGlobals) = postSolution
		SolutionGuid = {66F7AF42-591C-40A8-BF48-C8ADCF1293EF}
	EndGlobalSection
EndGlobal
